// !$*UTF8*$!
{
	archiveVersion = 1;
	classes = {
	};
	objectVersion = 77;
	objects = {

/* Begin PBXBuildFile section */
		1FE22C1BABA3186D54FBC192 /* SM2Algorithm.swift in Sources */ = {isa = PBXBuildFile; fileRef = 546987C61CD25334689BA65C /* SM2Algorithm.swift */; };
		2C321EB2AF37305A78C0D38D /* Constants.swift in Sources */ = {isa = PBXBuildFile; fileRef = 022D0A6CBB492B30ED453ABE /* Constants.swift */; };
		3C09CA1B32EBF34E654E95D4 /* RegisterView.swift in Sources */ = {isa = PBXBuildFile; fileRef = 097164C50E704ABCE434269C /* RegisterView.swift */; };
		3EC1AF4C8FD3E4C11CA54E99 /* Exercise.swift in Sources */ = {isa = PBXBuildFile; fileRef = 09082F342C2FDD96064DEB62 /* Exercise.swift */; };
		6636CD5463A734B912E13815 /* Duel.swift in Sources */ = {isa = PBXBuildFile; fileRef = 9AC8EB93D553B294F928486C /* Duel.swift */; };
		6A6FDA25D65290DA08A9E2B3 /* DailyMathApp.swift in Sources */ = {isa = PBXBuildFile; fileRef = DAD5FDB12F19E000003B7185 /* DailyMathApp.swift */; };
		6BD6EBF8DA12D1A203F4BCA2 /* AgilityView.swift in Sources */ = {isa = PBXBuildFile; fileRef = 297A89A15B886A5A8B42BC0C /* AgilityView.swift */; };
		6E7CE9DE3A50744A84B79FCF /* NumericKeyboardView.swift in Sources */ = {isa = PBXBuildFile; fileRef = C277A06AD759937097A323F1 /* NumericKeyboardView.swift */; };
		8FA95626EB009E0B85B153A0 /* LoginView.swift in Sources */ = {isa = PBXBuildFile; fileRef = B80FBC626AFB2709A4531F34 /* LoginView.swift */; };
		989243241DAFBEE43678A8F2 /* Community.swift in Sources */ = {isa = PBXBuildFile; fileRef = 1D9CDB7C6E581523E82D7578 /* Community.swift */; };
		A645F7EFA50B03DF744AAB17 /* MainTabView.swift in Sources */ = {isa = PBXBuildFile; fileRef = 36EE569B12BFBF4B7ADCF8AC /* MainTabView.swift */; };
		AAC28ECA1C94982BB2B01B76 /* UserProfile.swift in Sources */ = {isa = PBXBuildFile; fileRef = 05A2CA82656011C3967AD65F /* UserProfile.swift */; };
		AB7957635CE4DF28B810AC87 /* Secrets.swift in Sources */ = {isa = PBXBuildFile; fileRef = 679493088C90C9C6B32ABF73 /* Secrets.swift */; };
		AD95BA1052AF3056D468F86D /* TodayView.swift in Sources */ = {isa = PBXBuildFile; fileRef = 57F2780566826113571F5D6D /* TodayView.swift */; };
		BADD44EAA3F9E1320AC4AFC8 /* Extensions.swift in Sources */ = {isa = PBXBuildFile; fileRef = A66068508B44C9FE02C8ED42 /* Extensions.swift */; };
		BD45EBBA5DB5DF8F3D020119 /* AppState.swift in Sources */ = {isa = PBXBuildFile; fileRef = 8035B207DACC034330343689 /* AppState.swift */; };
		DAD5FD5E2F19D9C6003B7185 /* Vision.framework in Frameworks */ = {isa = PBXBuildFile; fileRef = DAD5FD5D2F19D9C5003B7185 /* Vision.framework */; };
		DD51A0AB4383951B6881358C /* ForgotPasswordView.swift in Sources */ = {isa = PBXBuildFile; fileRef = 30A1B393FB1809D4871AAEED /* ForgotPasswordView.swift */; };
		EA18AC93E41DC98CD4C10F08 /* ProfileView.swift in Sources */ = {isa = PBXBuildFile; fileRef = 53170A2B08D2D5C0A0C0E62A /* ProfileView.swift */; };
		EA4E5C3534A606FC4C2CBF93 /* Flashcard.swift in Sources */ = {isa = PBXBuildFile; fileRef = 5475E1FB293514535FE3737D /* Flashcard.swift */; };
		F344D681D602D5AEAFEBB53C /* ExploreView.swift in Sources */ = {isa = PBXBuildFile; fileRef = 023E1D35FD43182AD0B0191B /* ExploreView.swift */; };
		F6F698DBEAFFE000F3072590 /* AuthService.swift in Sources */ = {isa = PBXBuildFile; fileRef = 12ED34229BA79441C026FA19 /* AuthService.swift */; };
		F928E15D47D9BCBFA9B83B45 /* CreateExerciseView.swift in Sources */ = {isa = PBXBuildFile; fileRef = C5ED6811713E5AE04C4DCDC9 /* CreateExerciseView.swift */; };
/* End PBXBuildFile section */

/* Begin PBXContainerItemProxy section */
		DAD5FD2E2F19D888003B7185 /* PBXContainerItemProxy */ = {
			isa = PBXContainerItemProxy;
			containerPortal = DAD5FD182F19D885003B7185 /* Project object */;
			proxyType = 1;
			remoteGlobalIDString = DAD5FD1F2F19D885003B7185;
			remoteInfo = DailyMath;
		};
		DAD5FD382F19D888003B7185 /* PBXContainerItemProxy */ = {
			isa = PBXContainerItemProxy;
			containerPortal = DAD5FD182F19D885003B7185 /* Project object */;
			proxyType = 1;
			remoteGlobalIDString = DAD5FD1F2F19D885003B7185;
			remoteInfo = DailyMath;
		};
/* End PBXContainerItemProxy section */

/* Begin PBXFileReference section */
		022D0A6CBB492B30ED453ABE /* Constants.swift */ = {isa = PBXFileReference; includeInIndex = 1; lastKnownFileType = sourcecode.swift; path = Constants.swift; sourceTree = "<group>"; };
		023E1D35FD43182AD0B0191B /* ExploreView.swift */ = {isa = PBXFileReference; includeInIndex = 1; lastKnownFileType = sourcecode.swift; path = ExploreView.swift; sourceTree = "<group>"; };
		05A2CA82656011C3967AD65F /* UserProfile.swift */ = {isa = PBXFileReference; includeInIndex = 1; lastKnownFileType = sourcecode.swift; path = UserProfile.swift; sourceTree = "<group>"; };
		09082F342C2FDD96064DEB62 /* Exercise.swift */ = {isa = PBXFileReference; includeInIndex = 1; lastKnownFileType = sourcecode.swift; path = Exercise.swift; sourceTree = "<group>"; };
		097164C50E704ABCE434269C /* RegisterView.swift */ = {isa = PBXFileReference; includeInIndex = 1; lastKnownFileType = sourcecode.swift; path = RegisterView.swift; sourceTree = "<group>"; };
		11B30FA5144B1719ACFBE1F0 /* supabase_schema.sql */ = {isa = PBXFileReference; includeInIndex = 1; path = supabase_schema.sql; sourceTree = "<group>"; };
		12ED34229BA79441C026FA19 /* AuthService.swift */ = {isa = PBXFileReference; includeInIndex = 1; lastKnownFileType = sourcecode.swift; path = AuthService.swift; sourceTree = "<group>"; };
		1D9CDB7C6E581523E82D7578 /* Community.swift */ = {isa = PBXFileReference; includeInIndex = 1; lastKnownFileType = sourcecode.swift; path = Community.swift; sourceTree = "<group>"; };
		297A89A15B886A5A8B42BC0C /* AgilityView.swift */ = {isa = PBXFileReference; includeInIndex = 1; lastKnownFileType = sourcecode.swift; path = AgilityView.swift; sourceTree = "<group>"; };
		30A1B393FB1809D4871AAEED /* ForgotPasswordView.swift */ = {isa = PBXFileReference; includeInIndex = 1; lastKnownFileType = sourcecode.swift; path = ForgotPasswordView.swift; sourceTree = "<group>"; };
		36EE569B12BFBF4B7ADCF8AC /* MainTabView.swift */ = {isa = PBXFileReference; includeInIndex = 1; lastKnownFileType = sourcecode.swift; path = MainTabView.swift; sourceTree = "<group>"; };
		53170A2B08D2D5C0A0C0E62A /* ProfileView.swift */ = {isa = PBXFileReference; includeInIndex = 1; lastKnownFileType = sourcecode.swift; path = ProfileView.swift; sourceTree = "<group>"; };
		546987C61CD25334689BA65C /* SM2Algorithm.swift */ = {isa = PBXFileReference; includeInIndex = 1; lastKnownFileType = sourcecode.swift; path = SM2Algorithm.swift; sourceTree = "<group>"; };
		5475E1FB293514535FE3737D /* Flashcard.swift */ = {isa = PBXFileReference; includeInIndex = 1; lastKnownFileType = sourcecode.swift; path = Flashcard.swift; sourceTree = "<group>"; };
		57F2780566826113571F5D6D /* TodayView.swift */ = {isa = PBXFileReference; includeInIndex = 1; lastKnownFileType = sourcecode.swift; path = TodayView.swift; sourceTree = "<group>"; };
		679493088C90C9C6B32ABF73 /* Secrets.swift */ = {isa = PBXFileReference; includeInIndex = 1; lastKnownFileType = sourcecode.swift; path = Secrets.swift; sourceTree = "<group>"; };
		8035B207DACC034330343689 /* AppState.swift */ = {isa = PBXFileReference; includeInIndex = 1; lastKnownFileType = sourcecode.swift; path = AppState.swift; sourceTree = "<group>"; };
		9AC8EB93D553B294F928486C /* Duel.swift */ = {isa = PBXFileReference; includeInIndex = 1; lastKnownFileType = sourcecode.swift; path = Duel.swift; sourceTree = "<group>"; };
		A66068508B44C9FE02C8ED42 /* Extensions.swift */ = {isa = PBXFileReference; includeInIndex = 1; lastKnownFileType = sourcecode.swift; path = Extensions.swift; sourceTree = "<group>"; };
		B80FBC626AFB2709A4531F34 /* LoginView.swift */ = {isa = PBXFileReference; includeInIndex = 1; lastKnownFileType = sourcecode.swift; path = LoginView.swift; sourceTree = "<group>"; };
		C277A06AD759937097A323F1 /* NumericKeyboardView.swift */ = {isa = PBXFileReference; includeInIndex = 1; lastKnownFileType = sourcecode.swift; path = NumericKeyboardView.swift; sourceTree = "<group>"; };
		C5ED6811713E5AE04C4DCDC9 /* CreateExerciseView.swift */ = {isa = PBXFileReference; includeInIndex = 1; lastKnownFileType = sourcecode.swift; path = CreateExerciseView.swift; sourceTree = "<group>"; };
		DAD5FD202F19D885003B7185 /* DailyMath.app */ = {isa = PBXFileReference; explicitFileType = wrapper.application; includeInIndex = 0; path = DailyMath.app; sourceTree = BUILT_PRODUCTS_DIR; };
		DAD5FD2D2F19D888003B7185 /* DailyMathTests.xctest */ = {isa = PBXFileReference; explicitFileType = wrapper.cfbundle; includeInIndex = 0; path = DailyMathTests.xctest; sourceTree = BUILT_PRODUCTS_DIR; };
		DAD5FD372F19D888003B7185 /* DailyMathUITests.xctest */ = {isa = PBXFileReference; explicitFileType = wrapper.cfbundle; includeInIndex = 0; path = DailyMathUITests.xctest; sourceTree = BUILT_PRODUCTS_DIR; };
		DAD5FD5D2F19D9C5003B7185 /* Vision.framework */ = {isa = PBXFileReference; lastKnownFileType = wrapper.framework; name = Vision.framework; path = System/Library/Frameworks/Vision.framework; sourceTree = SDKROOT; };
		DAD5FDB12F19E000003B7185 /* DailyMathApp.swift */ = {isa = PBXFileReference; lastKnownFileType = sourcecode.swift; path = DailyMathApp.swift; sourceTree = "<group>"; };
/* End PBXFileReference section */

/* Begin PBXFileSystemSynchronizedRootGroup section */
		DAD5FD302F19D888003B7185 /* DailyMathTests */ = {
			isa = PBXFileSystemSynchronizedRootGroup;
			exceptions = (
			);
			path = DailyMathTests;
			sourceTree = "<group>";
		};
		DAD5FD3A2F19D888003B7185 /* DailyMathUITests */ = {
			isa = PBXFileSystemSynchronizedRootGroup;
			exceptions = (
			);
			path = DailyMathUITests;
			sourceTree = "<group>";
		};
/* End PBXFileSystemSynchronizedRootGroup section */

/* Begin PBXFrameworksBuildPhase section */
		DAD5FD1D2F19D885003B7185 /* Frameworks */ = {
			isa = PBXFrameworksBuildPhase;
			buildActionMask = 2147483647;
			files = (
				DAD5FD5E2F19D9C6003B7185 /* Vision.framework in Frameworks */,
			);
			runOnlyForDeploymentPostprocessing = 0;
		};
		DAD5FD2A2F19D888003B7185 /* Frameworks */ = {
			isa = PBXFrameworksBuildPhase;
			buildActionMask = 2147483647;
			files = (
			);
			runOnlyForDeploymentPostprocessing = 0;
		};
		DAD5FD342F19D888003B7185 /* Frameworks */ = {
			isa = PBXFrameworksBuildPhase;
			buildActionMask = 2147483647;
			files = (
			);
			runOnlyForDeploymentPostprocessing = 0;
		};
/* End PBXFrameworksBuildPhase section */

/* Begin PBXGroup section */
		0458C11472A209EEA3C05BA1 /* Views */ = {
			isa = PBXGroup;
			children = (
				E2B85B9B0711FDBA2595D2D6 /* Agility */,
				61DCD5CE5E45C8EFC3BACE92 /* App */,
				98912A1158814CA6C283D1DD /* Today */,
				5A4E9FFFD7A185B59001A738 /* Auth */,
				455339A2D7AF1548E1BADB76 /* Moderator */,
				DD262F5B4EC47D2A00B524DF /* Explore */,
				50563739B094DC97974432CB /* Components */,
				F06A404D289B19AEDF82AA88 /* Profile */,
				D06E7BD81794F01DD88C1D6A /* Duel */,
				920DFA04F38A8541CB0D03AD /* Create */,
			);
			name = Views;
			path = Views;
			sourceTree = "<group>";
		};
		0ACDBC0173F8ADD4A15F358B /* Config */ = {
			isa = PBXGroup;
			children = (
				11B30FA5144B1719ACFBE1F0 /* supabase_schema.sql */,
				679493088C90C9C6B32ABF73 /* Secrets.swift */,
			);
			name = Config;
			path = Config;
			sourceTree = "<group>";
		};
		1B87988BDAC3A05A44C63B20 /* Models */ = {
			isa = PBXGroup;
			children = (
				9AC8EB93D553B294F928486C /* Duel.swift */,
				5475E1FB293514535FE3737D /* Flashcard.swift */,
				05A2CA82656011C3967AD65F /* UserProfile.swift */,
				09082F342C2FDD96064DEB62 /* Exercise.swift */,
				1D9CDB7C6E581523E82D7578 /* Community.swift */,
			);
			name = Models;
			path = Models;
			sourceTree = "<group>";
		};
		1D9BA71A09F00147D3054B6F /* App */ = {
			isa = PBXGroup;
			children = (
				8035B207DACC034330343689 /* AppState.swift */,
			);
			name = App;
			path = App;
			sourceTree = "<group>";
		};
		455339A2D7AF1548E1BADB76 /* Moderator */ = {
			isa = PBXGroup;
			children = (
			);
			name = Moderator;
			path = Moderator;
			sourceTree = "<group>";
		};
		50563739B094DC97974432CB /* Components */ = {
			isa = PBXGroup;
			children = (
			);
			name = Components;
			path = Components;
			sourceTree = "<group>";
		};
		5A4E9FFFD7A185B59001A738 /* Auth */ = {
			isa = PBXGroup;
			children = (
				B80FBC626AFB2709A4531F34 /* LoginView.swift */,
				30A1B393FB1809D4871AAEED /* ForgotPasswordView.swift */,
				097164C50E704ABCE434269C /* RegisterView.swift */,
			);
			name = Auth;
			path = Auth;
			sourceTree = "<group>";
		};
		61DCD5CE5E45C8EFC3BACE92 /* App */ = {
			isa = PBXGroup;
			children = (
				36EE569B12BFBF4B7ADCF8AC /* MainTabView.swift */,
			);
			name = App;
			path = App;
			sourceTree = "<group>";
		};
		6FF3FDA726E7C87BC6D49E0F /* Utilities */ = {
			isa = PBXGroup;
			children = (
				022D0A6CBB492B30ED453ABE /* Constants.swift */,
				546987C61CD25334689BA65C /* SM2Algorithm.swift */,
				A66068508B44C9FE02C8ED42 /* Extensions.swift */,
			);
			name = Utilities;
			path = Utilities;
			sourceTree = "<group>";
		};
		920DFA04F38A8541CB0D03AD /* Create */ = {
			isa = PBXGroup;
			children = (
				C5ED6811713E5AE04C4DCDC9 /* CreateExerciseView.swift */,
			);
			name = Create;
			path = Create;
			sourceTree = "<group>";
		};
		98912A1158814CA6C283D1DD /* Today */ = {
			isa = PBXGroup;
			children = (
				57F2780566826113571F5D6D /* TodayView.swift */,
			);
			name = Today;
			path = Today;
			sourceTree = "<group>";
		};
		C19C298394369262865508B6 /* ViewModels */ = {
			isa = PBXGroup;
			children = (
			);
			name = ViewModels;
			path = ViewModels;
			sourceTree = "<group>";
		};
		D06E7BD81794F01DD88C1D6A /* Duel */ = {
			isa = PBXGroup;
			children = (
			);
			name = Duel;
			path = Duel;
			sourceTree = "<group>";
		};
		DAD5FD172F19D885003B7185 = {
			isa = PBXGroup;
			children = (
				DAD5FDB12F19E000003B7185 /* DailyMathApp.swift */,
				DAD5FD302F19D888003B7185 /* DailyMathTests */,
				DAD5FD3A2F19D888003B7185 /* DailyMathUITests */,
				DAD5FD5C2F19D9C5003B7185 /* Frameworks */,
				DAD5FD212F19D885003B7185 /* Products */,
				1D9BA71A09F00147D3054B6F /* App */,
				0ACDBC0173F8ADD4A15F358B /* Config */,
				1B87988BDAC3A05A44C63B20 /* Models */,
				FC7F404466E0A6653E126F35 /* Services */,
				6FF3FDA726E7C87BC6D49E0F /* Utilities */,
				C19C298394369262865508B6 /* ViewModels */,
				0458C11472A209EEA3C05BA1 /* Views */,
			);
			sourceTree = "<group>";
		};
		DAD5FD212F19D885003B7185 /* Products */ = {
			isa = PBXGroup;
			children = (
				DAD5FD202F19D885003B7185 /* DailyMath.app */,
				DAD5FD2D2F19D888003B7185 /* DailyMathTests.xctest */,
				DAD5FD372F19D888003B7185 /* DailyMathUITests.xctest */,
			);
			name = Products;
			sourceTree = "<group>";
		};
		DAD5FD5C2F19D9C5003B7185 /* Frameworks */ = {
			isa = PBXGroup;
			children = (
				DAD5FD5D2F19D9C5003B7185 /* Vision.framework */,
			);
			name = Frameworks;
			sourceTree = "<group>";
		};
		DD262F5B4EC47D2A00B524DF /* Explore */ = {
			isa = PBXGroup;
			children = (
				023E1D35FD43182AD0B0191B /* ExploreView.swift */,
			);
			name = Explore;
			path = Explore;
			sourceTree = "<group>";
		};
		E2B85B9B0711FDBA2595D2D6 /* Agility */ = {
			isa = PBXGroup;
			children = (
				C277A06AD759937097A323F1 /* NumericKeyboardView.swift */,
				297A89A15B886A5A8B42BC0C /* AgilityView.swift */,
			);
			name = Agility;
			path = Agility;
			sourceTree = "<group>";
		};
		F06A404D289B19AEDF82AA88 /* Profile */ = {
			isa = PBXGroup;
			children = (
				53170A2B08D2D5C0A0C0E62A /* ProfileView.swift */,
			);
			name = Profile;
			path = Profile;
			sourceTree = "<group>";
		};
		FC7F404466E0A6653E126F35 /* Services */ = {
			isa = PBXGroup;
			children = (
				12ED34229BA79441C026FA19 /* AuthService.swift */,
			);
			name = Services;
			path = Services;
			sourceTree = "<group>";
		};
/* End PBXGroup section */

/* Begin PBXNativeTarget section */
		DAD5FD1F2F19D885003B7185 /* DailyMath */ = {
			isa = PBXNativeTarget;
			buildConfigurationList = DAD5FD412F19D888003B7185 /* Build configuration list for PBXNativeTarget "DailyMath" */;
			buildPhases = (
				DAD5FD1C2F19D885003B7185 /* Sources */,
				DAD5FD1D2F19D885003B7185 /* Frameworks */,
				DAD5FD1E2F19D885003B7185 /* Resources */,
			);
			buildRules = (
			);
			dependencies = (
			);
			name = DailyMath;
			productName = DailyMath;
			productReference = DAD5FD202F19D885003B7185 /* DailyMath.app */;
			productType = "com.apple.product-type.application";
		};
		DAD5FD2C2F19D888003B7185 /* DailyMathTests */ = {
			isa = PBXNativeTarget;
			buildConfigurationList = DAD5FD442F19D888003B7185 /* Build configuration list for PBXNativeTarget "DailyMathTests" */;
			buildPhases = (
				DAD5FD292F19D888003B7185 /* Sources */,
				DAD5FD2A2F19D888003B7185 /* Frameworks */,
				DAD5FD2B2F19D888003B7185 /* Resources */,
			);
			buildRules = (
			);
			dependencies = (
				DAD5FD2F2F19D888003B7185 /* PBXTargetDependency */,
			);
			fileSystemSynchronizedGroups = (
				DAD5FD302F19D888003B7185 /* DailyMathTests */,
			);
			name = DailyMathTests;
			productName = DailyMathTests;
			productReference = DAD5FD2D2F19D888003B7185 /* DailyMathTests.xctest */;
			productType = "com.apple.product-type.bundle.unit-test";
		};
		DAD5FD362F19D888003B7185 /* DailyMathUITests */ = {
			isa = PBXNativeTarget;
			buildConfigurationList = DAD5FD472F19D888003B7185 /* Build configuration list for PBXNativeTarget "DailyMathUITests" */;
			buildPhases = (
				DAD5FD332F19D888003B7185 /* Sources */,
				DAD5FD342F19D888003B7185 /* Frameworks */,
				DAD5FD352F19D888003B7185 /* Resources */,
			);
			buildRules = (
			);
			dependencies = (
				DAD5FD392F19D888003B7185 /* PBXTargetDependency */,
			);
			fileSystemSynchronizedGroups = (
				DAD5FD3A2F19D888003B7185 /* DailyMathUITests */,
			);
			name = DailyMathUITests;
			productName = DailyMathUITests;
			productReference = DAD5FD372F19D888003B7185 /* DailyMathUITests.xctest */;
			productType = "com.apple.product-type.bundle.ui-testing";
		};
/* End PBXNativeTarget section */

/* Begin PBXProject section */
		DAD5FD182F19D885003B7185 /* Project object */ = {
			isa = PBXProject;
			attributes = {
				BuildIndependentTargetsInParallel = 1;
				LastSwiftUpdateCheck = 2620;
				LastUpgradeCheck = 2620;
				TargetAttributes = {
					DAD5FD1F2F19D885003B7185 = {
						CreatedOnToolsVersion = 26.2;
					};
					DAD5FD2C2F19D888003B7185 = {
						CreatedOnToolsVersion = 26.2;
						TestTargetID = DAD5FD1F2F19D885003B7185;
					};
					DAD5FD362F19D888003B7185 = {
						CreatedOnToolsVersion = 26.2;
						TestTargetID = DAD5FD1F2F19D885003B7185;
					};
				};
			};
			buildConfigurationList = DAD5FD1B2F19D885003B7185 /* Build configuration list for PBXProject "DailyMath" */;
			developmentRegion = en;
			hasScannedForEncodings = 0;
			knownRegions = (
				en,
				Base,
			);
			mainGroup = DAD5FD172F19D885003B7185;
			minimizedProjectReferenceProxies = 1;
			preferredProjectObjectVersion = 77;
			productRefGroup = DAD5FD212F19D885003B7185 /* Products */;
			projectDirPath = "";
			projectRoot = "";
			targets = (
				DAD5FD1F2F19D885003B7185 /* DailyMath */,
				DAD5FD2C2F19D888003B7185 /* DailyMathTests */,
				DAD5FD362F19D888003B7185 /* DailyMathUITests */,
			);
		};
/* End PBXProject section */

/* Begin PBXResourcesBuildPhase section */
		DAD5FD1E2F19D885003B7185 /* Resources */ = {
			isa = PBXResourcesBuildPhase;
			buildActionMask = 2147483647;
			files = (
			);
			runOnlyForDeploymentPostprocessing = 0;
		};
		DAD5FD2B2F19D888003B7185 /* Resources */ = {
			isa = PBXResourcesBuildPhase;
			buildActionMask = 2147483647;
			files = (
			);
			runOnlyForDeploymentPostprocessing = 0;
		};
		DAD5FD352F19D888003B7185 /* Resources */ = {
			isa = PBXResourcesBuildPhase;
			buildActionMask = 2147483647;
			files = (
			);
			runOnlyForDeploymentPostprocessing = 0;
		};
/* End PBXResourcesBuildPhase section */

/* Begin PBXSourcesBuildPhase section */
		DAD5FD1C2F19D885003B7185 /* Sources */ = {
			isa = PBXSourcesBuildPhase;
			buildActionMask = 2147483647;
			files = (
				BD45EBBA5DB5DF8F3D020119 /* AppState.swift in Sources */,
				AB7957635CE4DF28B810AC87 /* Secrets.swift in Sources */,
				6636CD5463A734B912E13815 /* Duel.swift in Sources */,
				EA4E5C3534A606FC4C2CBF93 /* Flashcard.swift in Sources */,
				AAC28ECA1C94982BB2B01B76 /* UserProfile.swift in Sources */,
				3EC1AF4C8FD3E4C11CA54E99 /* Exercise.swift in Sources */,
				989243241DAFBEE43678A8F2 /* Community.swift in Sources */,
				F6F698DBEAFFE000F3072590 /* AuthService.swift in Sources */,
				2C321EB2AF37305A78C0D38D /* Constants.swift in Sources */,
				1FE22C1BABA3186D54FBC192 /* SM2Algorithm.swift in Sources */,
				BADD44EAA3F9E1320AC4AFC8 /* Extensions.swift in Sources */,
				6E7CE9DE3A50744A84B79FCF /* NumericKeyboardView.swift in Sources */,
				6BD6EBF8DA12D1A203F4BCA2 /* AgilityView.swift in Sources */,
				A645F7EFA50B03DF744AAB17 /* MainTabView.swift in Sources */,
				AD95BA1052AF3056D468F86D /* TodayView.swift in Sources */,
				8FA95626EB009E0B85B153A0 /* LoginView.swift in Sources */,
				DD51A0AB4383951B6881358C /* ForgotPasswordView.swift in Sources */,
				3C09CA1B32EBF34E654E95D4 /* RegisterView.swift in Sources */,
				F344D681D602D5AEAFEBB53C /* ExploreView.swift in Sources */,
				EA18AC93E41DC98CD4C10F08 /* ProfileView.swift in Sources */,
				F928E15D47D9BCBFA9B83B45 /* CreateExerciseView.swift in Sources */,
				6A6FDA25D65290DA08A9E2B3 /* DailyMathApp.swift in Sources */,
			);
			runOnlyForDeploymentPostprocessing = 0;
		};
		DAD5FD292F19D888003B7185 /* Sources */ = {
			isa = PBXSourcesBuildPhase;
			buildActionMask = 2147483647;
			files = (
			);
			runOnlyForDeploymentPostprocessing = 0;
		};
		DAD5FD332F19D888003B7185 /* Sources */ = {
			isa = PBXSourcesBuildPhase;
			buildActionMask = 2147483647;
			files = (
			);
			runOnlyForDeploymentPostprocessing = 0;
		};
/* End PBXSourcesBuildPhase section */

/* Begin PBXTargetDependency section */
		DAD5FD2F2F19D888003B7185 /* PBXTargetDependency */ = {
			isa = PBXTargetDependency;
			target = DAD5FD1F2F19D885003B7185 /* DailyMath */;
			targetProxy = DAD5FD2E2F19D888003B7185 /* PBXContainerItemProxy */;
		};
		DAD5FD392F19D888003B7185 /* PBXTargetDependency */ = {
			isa = PBXTargetDependency;
			target = DAD5FD1F2F19D885003B7185 /* DailyMath */;
			targetProxy = DAD5FD382F19D888003B7185 /* PBXContainerItemProxy */;
		};
/* End PBXTargetDependency section */

/* Begin XCBuildConfiguration section */
		DAD5FD3F2F19D888003B7185 /* Debug */ = {
			isa = XCBuildConfiguration;
			buildSettings = {
				ALWAYS_SEARCH_USER_PATHS = NO;
				ASSETCATALOG_COMPILER_GENERATE_SWIFT_ASSET_SYMBOL_EXTENSIONS = YES;
				CLANG_ANALYZER_NONNULL = YES;
				CLANG_ANALYZER_NUMBER_OBJECT_CONVERSION = YES_AGGRESSIVE;
				CLANG_CXX_LANGUAGE_STANDARD = "gnu++20";
				CLANG_ENABLE_MODULES = YES;
				CLANG_ENABLE_OBJC_ARC = YES;
				CLANG_ENABLE_OBJC_WEAK = YES;
				CLANG_WARN_BLOCK_CAPTURE_AUTORELEASING = YES;
				CLANG_WARN_BOOL_CONVERSION = YES;
				CLANG_WARN_COMMA = YES;
				CLANG_WARN_CONSTANT_CONVERSION = YES;
				CLANG_WARN_DEPRECATED_OBJC_IMPLEMENTATIONS = YES;
				CLANG_WARN_DIRECT_OBJC_ISA_USAGE = YES_ERROR;
				CLANG_WARN_DOCUMENTATION_COMMENTS = YES;
				CLANG_WARN_EMPTY_BODY = YES;
				CLANG_WARN_ENUM_CONVERSION = YES;
				CLANG_WARN_INFINITE_RECURSION = YES;
				CLANG_WARN_INT_CONVERSION = YES;
				CLANG_WARN_NON_LITERAL_NULL_CONVERSION = YES;
				CLANG_WARN_OBJC_IMPLICIT_RETAIN_SELF = YES;
				CLANG_WARN_OBJC_LITERAL_CONVERSION = YES;
				CLANG_WARN_OBJC_ROOT_CLASS = YES_ERROR;
				CLANG_WARN_QUOTED_INCLUDE_IN_FRAMEWORK_HEADER = YES;
				CLANG_WARN_RANGE_LOOP_ANALYSIS = YES;
				CLANG_WARN_STRICT_PROTOTYPES = YES;
				CLANG_WARN_SUSPICIOUS_MOVE = YES;
				CLANG_WARN_UNGUARDED_AVAILABILITY = YES_AGGRESSIVE;
				CLANG_WARN_UNREACHABLE_CODE = YES;
				CLANG_WARN__DUPLICATE_METHOD_MATCH = YES;
				COPY_PHASE_STRIP = NO;
				DEBUG_INFORMATION_FORMAT = dwarf;
				DEVELOPMENT_TEAM = 68K85UB3R3;
				ENABLE_STRICT_OBJC_MSGSEND = YES;
				ENABLE_TESTABILITY = YES;
				ENABLE_USER_SCRIPT_SANDBOXING = YES;
				GCC_C_LANGUAGE_STANDARD = gnu17;
				GCC_DYNAMIC_NO_PIC = NO;
				GCC_NO_COMMON_BLOCKS = YES;
				GCC_OPTIMIZATION_LEVEL = 0;
				GCC_PREPROCESSOR_DEFINITIONS = (
					"DEBUG=1",
					"$(inherited)",
				);
				GCC_WARN_64_TO_32_BIT_CONVERSION = YES;
				GCC_WARN_ABOUT_RETURN_TYPE = YES_ERROR;
				GCC_WARN_UNDECLARED_SELECTOR = YES;
				GCC_WARN_UNINITIALIZED_AUTOS = YES_AGGRESSIVE;
				GCC_WARN_UNUSED_FUNCTION = YES;
				GCC_WARN_UNUSED_VARIABLE = YES;
				IPHONEOS_DEPLOYMENT_TARGET = 26.0.1;
				LOCALIZATION_PREFERS_STRING_CATALOGS = YES;
				MTL_ENABLE_DEBUG_INFO = INCLUDE_SOURCE;
				MTL_FAST_MATH = YES;
				ONLY_ACTIVE_ARCH = YES;
				SDKROOT = iphoneos;
				SWIFT_ACTIVE_COMPILATION_CONDITIONS = "DEBUG $(inherited)";
				SWIFT_OPTIMIZATION_LEVEL = "-Onone";
			};
			name = Debug;
		};
		DAD5FD402F19D888003B7185 /* Release */ = {
			isa = XCBuildConfiguration;
			buildSettings = {
				ALWAYS_SEARCH_USER_PATHS = NO;
				ASSETCATALOG_COMPILER_GENERATE_SWIFT_ASSET_SYMBOL_EXTENSIONS = YES;
				CLANG_ANALYZER_NONNULL = YES;
				CLANG_ANALYZER_NUMBER_OBJECT_CONVERSION = YES_AGGRESSIVE;
				CLANG_CXX_LANGUAGE_STANDARD = "gnu++20";
				CLANG_ENABLE_MODULES = YES;
				CLANG_ENABLE_OBJC_ARC = YES;
				CLANG_ENABLE_OBJC_WEAK = YES;
				CLANG_WARN_BLOCK_CAPTURE_AUTORELEASING = YES;
				CLANG_WARN_BOOL_CONVERSION = YES;
				CLANG_WARN_COMMA = YES;
				CLANG_WARN_CONSTANT_CONVERSION = YES;
				CLANG_WARN_DEPRECATED_OBJC_IMPLEMENTATIONS = YES;
				CLANG_WARN_DIRECT_OBJC_ISA_USAGE = YES_ERROR;
				CLANG_WARN_DOCUMENTATION_COMMENTS = YES;
				CLANG_WARN_EMPTY_BODY = YES;
				CLANG_WARN_ENUM_CONVERSION = YES;
				CLANG_WARN_INFINITE_RECURSION = YES;
				CLANG_WARN_INT_CONVERSION = YES;
				CLANG_WARN_NON_LITERAL_NULL_CONVERSION = YES;
				CLANG_WARN_OBJC_IMPLICIT_RETAIN_SELF = YES;
				CLANG_WARN_OBJC_LITERAL_CONVERSION = YES;
				CLANG_WARN_OBJC_ROOT_CLASS = YES_ERROR;
				CLANG_WARN_QUOTED_INCLUDE_IN_FRAMEWORK_HEADER = YES;
				CLANG_WARN_RANGE_LOOP_ANALYSIS = YES;
				CLANG_WARN_STRICT_PROTOTYPES = YES;
				CLANG_WARN_SUSPICIOUS_MOVE = YES;
				CLANG_WARN_UNGUARDED_AVAILABILITY = YES_AGGRESSIVE;
				CLANG_WARN_UNREACHABLE_CODE = YES;
				CLANG_WARN__DUPLICATE_METHOD_MATCH = YES;
				COPY_PHASE_STRIP = NO;
				DEBUG_INFORMATION_FORMAT = "dwarf-with-dsym";
				DEVELOPMENT_TEAM = 68K85UB3R3;
				ENABLE_NS_ASSERTIONS = NO;
				ENABLE_STRICT_OBJC_MSGSEND = YES;
				ENABLE_USER_SCRIPT_SANDBOXING = YES;
				GCC_C_LANGUAGE_STANDARD = gnu17;
				GCC_NO_COMMON_BLOCKS = YES;
				GCC_WARN_64_TO_32_BIT_CONVERSION = YES;
				GCC_WARN_ABOUT_RETURN_TYPE = YES_ERROR;
				GCC_WARN_UNDECLARED_SELECTOR = YES;
				GCC_WARN_UNINITIALIZED_AUTOS = YES_AGGRESSIVE;
				GCC_WARN_UNUSED_FUNCTION = YES;
				GCC_WARN_UNUSED_VARIABLE = YES;
				IPHONEOS_DEPLOYMENT_TARGET = 26.0.1;
				LOCALIZATION_PREFERS_STRING_CATALOGS = YES;
				MTL_ENABLE_DEBUG_INFO = NO;
				MTL_FAST_MATH = YES;
				SDKROOT = iphoneos;
				SWIFT_COMPILATION_MODE = wholemodule;
				VALIDATE_PRODUCT = YES;
			};
			name = Release;
		};
		DAD5FD422F19D888003B7185 /* Debug */ = {
			isa = XCBuildConfiguration;
			buildSettings = {
				ASSETCATALOG_COMPILER_APPICON_NAME = AppIcon;
				ASSETCATALOG_COMPILER_GLOBAL_ACCENT_COLOR_NAME = AccentColor;
				CODE_SIGN_STYLE = Automatic;
				CURRENT_PROJECT_VERSION = 1;
				DEVELOPMENT_TEAM = 68K85UB3R3;
				ENABLE_PREVIEWS = YES;
				GENERATE_INFOPLIST_FILE = YES;
				INFOPLIST_KEY_UIApplicationSceneManifest_Generation = YES;
				INFOPLIST_KEY_UIApplicationSupportsIndirectInputEvents = YES;
				INFOPLIST_KEY_UILaunchScreen_Generation = YES;
				INFOPLIST_KEY_UISupportedInterfaceOrientations_iPad = "UIInterfaceOrientationPortrait UIInterfaceOrientationPortraitUpsideDown UIInterfaceOrientationLandscapeLeft UIInterfaceOrientationLandscapeRight";
				INFOPLIST_KEY_UISupportedInterfaceOrientations_iPhone = "UIInterfaceOrientationPortrait UIInterfaceOrientationLandscapeLeft UIInterfaceOrientationLandscapeRight";
				IPHONEOS_DEPLOYMENT_TARGET = 26.0;
				LD_RUNPATH_SEARCH_PATHS = (
					"$(inherited)",
					"@executable_path/Frameworks",
				);
				MARKETING_VERSION = 1.0;
				PRODUCT_BUNDLE_IDENTIFIER = Inminente.DailyMath;
				PRODUCT_NAME = "$(TARGET_NAME)";
				STRING_CATALOG_GENERATE_SYMBOLS = YES;
				SWIFT_APPROACHABLE_CONCURRENCY = YES;
				SWIFT_DEFAULT_ACTOR_ISOLATION = MainActor;
				SWIFT_EMIT_LOC_STRINGS = YES;
				SWIFT_UPCOMING_FEATURE_MEMBER_IMPORT_VISIBILITY = YES;
				SWIFT_VERSION = 5.0;
				TARGETED_DEVICE_FAMILY = "1,2";
			};
			name = Debug;
		};
		DAD5FD432F19D888003B7185 /* Release */ = {
			isa = XCBuildConfiguration;
			buildSettings = {
				ASSETCATALOG_COMPILER_APPICON_NAME = AppIcon;
				ASSETCATALOG_COMPILER_GLOBAL_ACCENT_COLOR_NAME = AccentColor;
				CODE_SIGN_STYLE = Automatic;
				CURRENT_PROJECT_VERSION = 1;
				DEVELOPMENT_TEAM = 68K85UB3R3;
				ENABLE_PREVIEWS = YES;
				GENERATE_INFOPLIST_FILE = YES;
				INFOPLIST_KEY_UIApplicationSceneManifest_Generation = YES;
				INFOPLIST_KEY_UIApplicationSupportsIndirectInputEvents = YES;
				INFOPLIST_KEY_UILaunchScreen_Generation = YES;
				INFOPLIST_KEY_UISupportedInterfaceOrientations_iPad = "UIInterfaceOrientationPortrait UIInterfaceOrientationPortraitUpsideDown UIInterfaceOrientationLandscapeLeft UIInterfaceOrientationLandscapeRight";
				INFOPLIST_KEY_UISupportedInterfaceOrientations_iPhone = "UIInterfaceOrientationPortrait UIInterfaceOrientationLandscapeLeft UIInterfaceOrientationLandscapeRight";
				IPHONEOS_DEPLOYMENT_TARGET = 26.0;
				LD_RUNPATH_SEARCH_PATHS = (
					"$(inherited)",
					"@executable_path/Frameworks",
				);
				MARKETING_VERSION = 1.0;
				PRODUCT_BUNDLE_IDENTIFIER = Inminente.DailyMath;
				PRODUCT_NAME = "$(TARGET_NAME)";
				STRING_CATALOG_GENERATE_SYMBOLS = YES;
				SWIFT_APPROACHABLE_CONCURRENCY = YES;
				SWIFT_DEFAULT_ACTOR_ISOLATION = MainActor;
				SWIFT_EMIT_LOC_STRINGS = YES;
				SWIFT_UPCOMING_FEATURE_MEMBER_IMPORT_VISIBILITY = YES;
				SWIFT_VERSION = 5.0;
				TARGETED_DEVICE_FAMILY = "1,2";
			};
			name = Release;
		};
		DAD5FD452F19D888003B7185 /* Debug */ = {
			isa = XCBuildConfiguration;
			buildSettings = {
				BUNDLE_LOADER = "$(TEST_HOST)";
				CODE_SIGN_STYLE = Automatic;
				CURRENT_PROJECT_VERSION = 1;
				DEVELOPMENT_TEAM = 68K85UB3R3;
				GENERATE_INFOPLIST_FILE = YES;
				IPHONEOS_DEPLOYMENT_TARGET = 26.0.1;
				MARKETING_VERSION = 1.0;
				PRODUCT_BUNDLE_IDENTIFIER = Inminente.DailyMathTests;
				PRODUCT_NAME = "$(TARGET_NAME)";
				STRING_CATALOG_GENERATE_SYMBOLS = NO;
				SWIFT_APPROACHABLE_CONCURRENCY = YES;
				SWIFT_EMIT_LOC_STRINGS = NO;
				SWIFT_UPCOMING_FEATURE_MEMBER_IMPORT_VISIBILITY = YES;
				SWIFT_VERSION = 5.0;
				TARGETED_DEVICE_FAMILY = "1,2";
				TEST_HOST = "$(BUILT_PRODUCTS_DIR)/DailyMath.app/$(BUNDLE_EXECUTABLE_FOLDER_PATH)/DailyMath";
			};
			name = Debug;
		};
		DAD5FD462F19D888003B7185 /* Release */ = {
			isa = XCBuildConfiguration;
			buildSettings = {
				BUNDLE_LOADER = "$(TEST_HOST)";
				CODE_SIGN_STYLE = Automatic;
				CURRENT_PROJECT_VERSION = 1;
				DEVELOPMENT_TEAM = 68K85UB3R3;
				GENERATE_INFOPLIST_FILE = YES;
				IPHONEOS_DEPLOYMENT_TARGET = 26.0.1;
				MARKETING_VERSION = 1.0;
				PRODUCT_BUNDLE_IDENTIFIER = Inminente.DailyMathTests;
				PRODUCT_NAME = "$(TARGET_NAME)";
				STRING_CATALOG_GENERATE_SYMBOLS = NO;
				SWIFT_APPROACHABLE_CONCURRENCY = YES;
				SWIFT_EMIT_LOC_STRINGS = NO;
				SWIFT_UPCOMING_FEATURE_MEMBER_IMPORT_VISIBILITY = YES;
				SWIFT_VERSION = 5.0;
				TARGETED_DEVICE_FAMILY = "1,2";
				TEST_HOST = "$(BUILT_PRODUCTS_DIR)/DailyMath.app/$(BUNDLE_EXECUTABLE_FOLDER_PATH)/DailyMath";
			};
			name = Release;
		};
		DAD5FD482F19D888003B7185 /* Debug */ = {
			isa = XCBuildConfiguration;
			buildSettings = {
				CODE_SIGN_STYLE = Automatic;
				CURRENT_PROJECT_VERSION = 1;
				DEVELOPMENT_TEAM = 68K85UB3R3;
				GENERATE_INFOPLIST_FILE = YES;
				MARKETING_VERSION = 1.0;
				PRODUCT_BUNDLE_IDENTIFIER = Inminente.DailyMathUITests;
				PRODUCT_NAME = "$(TARGET_NAME)";
				STRING_CATALOG_GENERATE_SYMBOLS = NO;
				SWIFT_APPROACHABLE_CONCURRENCY = YES;
				SWIFT_EMIT_LOC_STRINGS = NO;
				SWIFT_UPCOMING_FEATURE_MEMBER_IMPORT_VISIBILITY = YES;
				SWIFT_VERSION = 5.0;
				TARGETED_DEVICE_FAMILY = "1,2";
				TEST_TARGET_NAME = DailyMath;
			};
			name = Debug;
		};
		DAD5FD492F19D888003B7185 /* Release */ = {
			isa = XCBuildConfiguration;
			buildSettings = {
				CODE_SIGN_STYLE = Automatic;
				CURRENT_PROJECT_VERSION = 1;
				DEVELOPMENT_TEAM = 68K85UB3R3;
				GENERATE_INFOPLIST_FILE = YES;
				MARKETING_VERSION = 1.0;
				PRODUCT_BUNDLE_IDENTIFIER = Inminente.DailyMathUITests;
				PRODUCT_NAME = "$(TARGET_NAME)";
				STRING_CATALOG_GENERATE_SYMBOLS = NO;
				SWIFT_APPROACHABLE_CONCURRENCY = YES;
				SWIFT_EMIT_LOC_STRINGS = NO;
				SWIFT_UPCOMING_FEATURE_MEMBER_IMPORT_VISIBILITY = YES;
				SWIFT_VERSION = 5.0;
				TARGETED_DEVICE_FAMILY = "1,2";
				TEST_TARGET_NAME = DailyMath;
			};
			name = Release;
		};
/* End XCBuildConfiguration section */

/* Begin XCConfigurationList section */
		DAD5FD1B2F19D885003B7185 /* Build configuration list for PBXProject "DailyMath" */ = {
			isa = XCConfigurationList;
			buildConfigurations = (
				DAD5FD3F2F19D888003B7185 /* Debug */,
				DAD5FD402F19D888003B7185 /* Release */,
			);
			defaultConfigurationIsVisible = 0;
			defaultConfigurationName = Release;
		};
		DAD5FD412F19D888003B7185 /* Build configuration list for PBXNativeTarget "DailyMath" */ = {
			isa = XCConfigurationList;
			buildConfigurations = (
				DAD5FD422F19D888003B7185 /* Debug */,
				DAD5FD432F19D888003B7185 /* Release */,
			);
			defaultConfigurationIsVisible = 0;
			defaultConfigurationName = Release;
		};
		DAD5FD442F19D888003B7185 /* Build configuration list for PBXNativeTarget "DailyMathTests" */ = {
			isa = XCConfigurationList;
			buildConfigurations = (
				DAD5FD452F19D888003B7185 /* Debug */,
				DAD5FD462F19D888003B7185 /* Release */,
			);
			defaultConfigurationIsVisible = 0;
			defaultConfigurationName = Release;
		};
		DAD5FD472F19D888003B7185 /* Build configuration list for PBXNativeTarget "DailyMathUITests" */ = {
			isa = XCConfigurationList;
			buildConfigurations = (
				DAD5FD482F19D888003B7185 /* Debug */,
				DAD5FD492F19D888003B7185 /* Release */,
			);
			defaultConfigurationIsVisible = 0;
			defaultConfigurationName = Release;
		};
/* End XCConfigurationList section */
	};
	rootObject = DAD5FD182F19D885003B7185 /* Project object */;
}
